
Microsoft Visual Studio Solution File, Format Version 12.00
# Visual Studio Version 16
VisualStudioVersion = 16.0.31205.134
MinimumVisualStudioVersion = 10.0.40219.1
Project("{FAE04EC0-301F-11D3-BF4B-00C04F79EFBC}") = "Reservoom", "Reservoom\Reservoom.csproj", "{0A03645F-5E76-4B7D-B304-54BA0AE8D15E}"
EndProject
Global
	GlobalSection(SolutionConfigurationPlatforms) = preSolution
		Debug|Any CPU = Debug|Any CPU
		Release|Any CPU = Release|Any CPU
	EndGlobalSection
	GlobalSection(ProjectConfigurationPlatforms) = postSolution
		{0A03645F-5E76-4B7D-B304-54BA0AE8D15E}.Debug|Any CPU.ActiveCfg = Debug|Any CPU
		{0A03645F-5E76-4B7D-B304-54BA0AE8D15E}.Debug|Any CPU.Build.0 = Debug|Any CPU
		{0A03645F-5E76-4B7D-B304-54BA0AE8D15E}.Release|Any CPU.ActiveCfg = Release|Any CPU
		{0A03645F-5E76-4B7D-B304-54BA0AE8D15E}.Release|Any CPU.Build.0 = Release|Any CPU
	EndGlobalSection
	GlobalSection(SolutionProperties) = preSolution
		HideSolutionNode = FALSE
	EndGlobalSection
	GlobalSection(ExtensibilityGlobals) = postSolution
		SolutionGuid = {0B917410-B493-4AEE-9A1B-26969ACFE80A}
	EndGlobalSection
EndGlobal
